// !$*UTF8*$!
{
	archiveVersion = 1;
	classes = {
	};
	objectVersion = 46;
	objects = {

/* Begin PBXBuildFile section */
		7A1EDED21AA3F74100BA603A /* main.m in Sources */ = {isa = PBXBuildFile; fileRef = 7A1EDED11AA3F74100BA603A /* main.m */; };
		7A1EDED51AA3F74100BA603A /* AppDelegate.m in Sources */ = {isa = PBXBuildFile; fileRef = 7A1EDED41AA3F74100BA603A /* AppDelegate.m */; };
		7A1EDED81AA3F74100BA603A /* ViewController.m in Sources */ = {isa = PBXBuildFile; fileRef = 7A1EDED71AA3F74100BA603A /* ViewController.m */; };
		7A1EDEDD1AA3F74100BA603A /* Images.xcassets in Resources */ = {isa = PBXBuildFile; fileRef = 7A1EDEDC1AA3F74100BA603A /* Images.xcassets */; };
		7A1EDEE01AA3F74100BA603A /* LaunchScreen.xib in Resources */ = {isa = PBXBuildFile; fileRef = 7A1EDEDE1AA3F74100BA603A /* LaunchScreen.xib */; };
		7A1EDEEC1AA3F74100BA603A /* MELBrowserTests.m in Sources */ = {isa = PBXBuildFile; fileRef = 7A1EDEEB1AA3F74100BA603A /* MELBrowserTests.m */; };
		7A4C1ABE1AA4078600405BAD /* Main.storyboard in Resources */ = {isa = PBXBuildFile; fileRef = 7A4C1ABD1AA4078600405BAD /* Main.storyboard */; };
/* End PBXBuildFile section */

/* Begin PBXContainerItemProxy section */
		7A1EDEE61AA3F74100BA603A /* PBXContainerItemProxy */ = {
			isa = PBXContainerItemProxy;
			containerPortal = 7A1EDEC41AA3F74100BA603A /* Project object */;
			proxyType = 1;
			remoteGlobalIDString = 7A1EDECB1AA3F74100BA603A;
			remoteInfo = MELBrowser;
		};
/* End PBXContainerItemProxy section */

/* Begin PBXFileReference section */
		7A1EDECC1AA3F74100BA603A /* MELBrowser.app */ = {isa = PBXFileReference; explicitFileType = wrapper.application; includeInIndex = 0; path = MELBrowser.app; sourceTree = BUILT_PRODUCTS_DIR; };
		7A1EDED01AA3F74100BA603A /* Info.plist */ = {isa = PBXFileReference; lastKnownFileType = text.plist.xml; path = Info.plist; sourceTree = "<group>"; };
		7A1EDED11AA3F74100BA603A /* main.m */ = {isa = PBXFileReference; lastKnownFileType = sourcecode.c.objc; path = main.m; sourceTree = "<group>"; };
		7A1EDED31AA3F74100BA603A /* AppDelegate.h */ = {isa = PBXFileReference; lastKnownFileType = sourcecode.c.h; path = AppDelegate.h; sourceTree = "<group>"; };
		7A1EDED41AA3F74100BA603A /* AppDelegate.m */ = {isa = PBXFileReference; lastKnownFileType = sourcecode.c.objc; path = AppDelegate.m; sourceTree = "<group>"; };
		7A1EDED61AA3F74100BA603A /* ViewController.h */ = {isa = PBXFileReference; lastKnownFileType = sourcecode.c.h; path = ViewController.h; sourceTree = "<group>"; };
		7A1EDED71AA3F74100BA603A /* ViewController.m */ = {isa = PBXFileReference; lastKnownFileType = sourcecode.c.objc; path = ViewController.m; sourceTree = "<group>"; };
		7A1EDEDC1AA3F74100BA603A /* Images.xcassets */ = {isa = PBXFileReference; lastKnownFileType = folder.assetcatalog; path = Images.xcassets; sourceTree = "<group>"; };
		7A1EDEDF1AA3F74100BA603A /* Base */ = {isa = PBXFileReference; lastKnownFileType = file.xib; name = Base; path = Base.lproj/LaunchScreen.xib; sourceTree = "<group>"; };
		7A1EDEE51AA3F74100BA603A /* MELBrowserTests.xctest */ = {isa = PBXFileReference; explicitFileType = wrapper.cfbundle; includeInIndex = 0; path = MELBrowserTests.xctest; sourceTree = BUILT_PRODUCTS_DIR; };
		7A1EDEEA1AA3F74100BA603A /* Info.plist */ = {isa = PBXFileReference; lastKnownFileType = text.plist.xml; path = Info.plist; sourceTree = "<group>"; };
		7A1EDEEB1AA3F74100BA603A /* MELBrowserTests.m */ = {isa = PBXFileReference; lastKnownFileType = sourcecode.c.objc; path = MELBrowserTests.m; sourceTree = "<group>"; };
		7A4C1ABD1AA4078600405BAD /* Main.storyboard */ = {isa = PBXFileReference; fileEncoding = 4; lastKnownFileType = file.storyboard; path = Main.storyboard; sourceTree = "<group>"; };
/* End PBXFileReference section */

/* Begin PBXFrameworksBuildPhase section */
		7A1EDEC91AA3F74100BA603A /* Frameworks */ = {
			isa = PBXFrameworksBuildPhase;
			buildActionMask = 2147483647;
			files = (
			);
			runOnlyForDeploymentPostprocessing = 0;
		};
		7A1EDEE21AA3F74100BA603A /* Frameworks */ = {
			isa = PBXFrameworksBuildPhase;
			buildActionMask = 2147483647;
			files = (
			);
			runOnlyForDeploymentPostprocessing = 0;
		};
/* End PBXFrameworksBuildPhase section */

/* Begin PBXGroup section */
		7A1EDEC31AA3F74100BA603A = {
			isa = PBXGroup;
			children = (
				7A1EDECE1AA3F74100BA603A /* MELBrowser */,
				7A1EDEE81AA3F74100BA603A /* MELBrowserTests */,
				7A1EDECD1AA3F74100BA603A /* Products */,
			);
			sourceTree = "<group>";
		};
		7A1EDECD1AA3F74100BA603A /* Products */ = {
			isa = PBXGroup;
			children = (
				7A1EDECC1AA3F74100BA603A /* MELBrowser.app */,
				7A1EDEE51AA3F74100BA603A /* MELBrowserTests.xctest */,
			);
			name = Products;
			sourceTree = "<group>";
		};
		7A1EDECE1AA3F74100BA603A /* MELBrowser */ = {
			isa = PBXGroup;
			children = (
				7A1EDED31AA3F74100BA603A /* AppDelegate.h */,
				7A1EDED41AA3F74100BA603A /* AppDelegate.m */,
				7A1EDED61AA3F74100BA603A /* ViewController.h */,
				7A1EDED71AA3F74100BA603A /* ViewController.m */,
				7A4C1ABD1AA4078600405BAD /* Main.storyboard */,
				7A1EDEDC1AA3F74100BA603A /* Images.xcassets */,
				7A1EDEDE1AA3F74100BA603A /* LaunchScreen.xib */,
				7A1EDECF1AA3F74100BA603A /* Supporting Files */,
			);
			path = MELBrowser;
			sourceTree = "<group>";
		};
		7A1EDECF1AA3F74100BA603A /* Supporting Files */ = {
			isa = PBXGroup;
			children = (
				7A1EDED01AA3F74100BA603A /* Info.plist */,
				7A1EDED11AA3F74100BA603A /* main.m */,
			);
			name = "Supporting Files";
			sourceTree = "<group>";
		};
		7A1EDEE81AA3F74100BA603A /* MELBrowserTests */ = {
			isa = PBXGroup;
			children = (
				7A1EDEEB1AA3F74100BA603A /* MELBrowserTests.m */,
				7A1EDEE91AA3F74100BA603A /* Supporting Files */,
			);
			path = MELBrowserTests;
			sourceTree = "<group>";
		};
		7A1EDEE91AA3F74100BA603A /* Supporting Files */ = {
			isa = PBXGroup;
			children = (
				7A1EDEEA1AA3F74100BA603A /* Info.plist */,
			);
			name = "Supporting Files";
			sourceTree = "<group>";
		};
/* End PBXGroup section */

/* Begin PBXNativeTarget section */
		7A1EDECB1AA3F74100BA603A /* MELBrowser */ = {
			isa = PBXNativeTarget;
			buildConfigurationList = 7A1EDEEF1AA3F74100BA603A /* Build configuration list for PBXNativeTarget "MELBrowser" */;
			buildPhases = (
				7A1EDEC81AA3F74100BA603A /* Sources */,
				7A1EDEC91AA3F74100BA603A /* Frameworks */,
				7A1EDECA1AA3F74100BA603A /* Resources */,
			);
			buildRules = (
			);
			dependencies = (
			);
			name = MELBrowser;
			productName = MELBrowser;
			productReference = 7A1EDECC1AA3F74100BA603A /* MELBrowser.app */;
			productType = "com.apple.product-type.application";
		};
		7A1EDEE41AA3F74100BA603A /* MELBrowserTests */ = {
			isa = PBXNativeTarget;
			buildConfigurationList = 7A1EDEF21AA3F74100BA603A /* Build configuration list for PBXNativeTarget "MELBrowserTests" */;
			buildPhases = (
				7A1EDEE11AA3F74100BA603A /* Sources */,
				7A1EDEE21AA3F74100BA603A /* Frameworks */,
				7A1EDEE31AA3F74100BA603A /* Resources */,
			);
			buildRules = (
			);
			dependencies = (
				7A1EDEE71AA3F74100BA603A /* PBXTargetDependency */,
			);
			name = MELBrowserTests;
			productName = MELBrowserTests;
			productReference = 7A1EDEE51AA3F74100BA603A /* MELBrowserTests.xctest */;
			productType = "com.apple.product-type.bundle.unit-test";
		};
/* End PBXNativeTarget section */

/* Begin PBXProject section */
		7A1EDEC41AA3F74100BA603A /* Project object */ = {
			isa = PBXProject;
			attributes = {
				LastUpgradeCheck = 0610;
				ORGANIZATIONNAME = MEL;
				TargetAttributes = {
					7A1EDECB1AA3F74100BA603A = {
						CreatedOnToolsVersion = 6.1;
					};
					7A1EDEE41AA3F74100BA603A = {
						CreatedOnToolsVersion = 6.1;
						TestTargetID = 7A1EDECB1AA3F74100BA603A;
					};
				};
			};
			buildConfigurationList = 7A1EDEC71AA3F74100BA603A /* Build configuration list for PBXProject "MELBrowser" */;
			compatibilityVersion = "Xcode 3.2";
			developmentRegion = English;
			hasScannedForEncodings = 0;
			knownRegions = (
				en,
				Base,
			);
			mainGroup = 7A1EDEC31AA3F74100BA603A;
			productRefGroup = 7A1EDECD1AA3F74100BA603A /* Products */;
			projectDirPath = "";
			projectRoot = "";
			targets = (
				7A1EDECB1AA3F74100BA603A /* MELBrowser */,
				7A1EDEE41AA3F74100BA603A /* MELBrowserTests */,
			);
		};
/* End PBXProject section */

/* Begin PBXResourcesBuildPhase section */
		7A1EDECA1AA3F74100BA603A /* Resources */ = {
			isa = PBXResourcesBuildPhase;
			buildActionMask = 2147483647;
			files = (
				7A4C1ABE1AA4078600405BAD /* Main.storyboard in Resources */,
				7A1EDEE01AA3F74100BA603A /* LaunchScreen.xib in Resources */,
				7A1EDEDD1AA3F74100BA603A /* Images.xcassets in Resources */,
			);
			runOnlyForDeploymentPostprocessing = 0;
		};
		7A1EDEE31AA3F74100BA603A /* Resources */ = {
			isa = PBXResourcesBuildPhase;
			buildActionMask = 2147483647;
			files = (
			);
			runOnlyForDeploymentPostprocessing = 0;
		};
/* End PBXResourcesBuildPhase section */

/* Begin PBXSourcesBuildPhase section */
		7A1EDEC81AA3F74100BA603A /* Sources */ = {
			isa = PBXSourcesBuildPhase;
			buildActionMask = 2147483647;
			files = (
				7A1EDED81AA3F74100BA603A /* ViewController.m in Sources */,
				7A1EDED51AA3F74100BA603A /* AppDelegate.m in Sources */,
				7A1EDED21AA3F74100BA603A /* main.m in Sources */,
			);
			runOnlyForDeploymentPostprocessing = 0;
		};
		7A1EDEE11AA3F74100BA603A /* Sources */ = {
			isa = PBXSourcesBuildPhase;
			buildActionMask = 2147483647;
			files = (
				7A1EDEEC1AA3F74100BA603A /* MELBrowserTests.m in Sources */,
			);
			runOnlyForDeploymentPostprocessing = 0;
		};
/* End PBXSourcesBuildPhase section */

/* Begin PBXTargetDependency section */
		7A1EDEE71AA3F74100BA603A /* PBXTargetDependency */ = {
			isa = PBXTargetDependency;
			target = 7A1EDECB1AA3F74100BA603A /* MELBrowser */;
			targetProxy = 7A1EDEE61AA3F74100BA603A /* PBXContainerItemProxy */;
		};
/* End PBXTargetDependency section */

/* Begin PBXVariantGroup section */
		7A1EDEDE1AA3F74100BA603A /* LaunchScreen.xib */ = {
			isa = PBXVariantGroup;
			children = (
				7A1EDEDF1AA3F74100BA603A /* Base */,
			);
			name = LaunchScreen.xib;
			sourceTree = "<group>";
		};
/* End PBXVariantGroup section */

/* Begin XCBuildConfiguration section */
		7A1EDEED1AA3F74100BA603A /* Debug */ = {
			isa = XCBuildConfiguration;
			buildSettings = {
				ALWAYS_SEARCH_USER_PATHS = NO;
				CLANG_CXX_LANGUAGE_STANDARD = "gnu++0x";
				CLANG_CXX_LIBRARY = "libc++";
				CLANG_ENABLE_MODULES = YES;
				CLANG_ENABLE_OBJC_ARC = YES;
				CLANG_WARN_BOOL_CONVERSION = YES;
				CLANG_WARN_CONSTANT_CONVERSION = YES;
				CLANG_WARN_DIRECT_OBJC_ISA_USAGE = YES_ERROR;
				CLANG_WARN_EMPTY_BODY = YES;
				CLANG_WARN_ENUM_CONVERSION = YES;
				CLANG_WARN_INT_CONVERSION = YES;
				CLANG_WARN_OBJC_ROOT_CLASS = YES_ERROR;
				CLANG_WARN_UNREACHABLE_CODE = YES;
				CLANG_WARN__DUPLICATE_METHOD_MATCH = YES;
				"CODE_SIGN_IDENTITY[sdk=iphoneos*]" = "iPhone Developer";
				COPY_PHASE_STRIP = NO;
				ENABLE_STRICT_OBJC_MSGSEND = YES;
				GCC_C_LANGUAGE_STANDARD = gnu99;
				GCC_DYNAMIC_NO_PIC = NO;
				GCC_OPTIMIZATION_LEVEL = 0;
				GCC_PREPROCESSOR_DEFINITIONS = (
					"DEBUG=1",
					"$(inherited)",
				);
				GCC_SYMBOLS_PRIVATE_EXTERN = NO;
				GCC_WARN_64_TO_32_BIT_CONVERSION = YES;
				GCC_WARN_ABOUT_RETURN_TYPE = YES_ERROR;
				GCC_WARN_UNDECLARED_SELECTOR = YES;
				GCC_WARN_UNINITIALIZED_AUTOS = YES_AGGRESSIVE;
				GCC_WARN_UNUSED_FUNCTION = YES;
				GCC_WARN_UNUSED_VARIABLE = YES;
				IPHONEOS_DEPLOYMENT_TARGET = 8.1;
				MTL_ENABLE_DEBUG_INFO = YES;
				ONLY_ACTIVE_ARCH = YES;
				SDKROOT = iphoneos;
				TARGETED_DEVICE_FAMILY = "1,2";
			};
			name = Debug;
		};
		7A1EDEEE1AA3F74100BA603A /* Release */ = {
			isa = XCBuildConfiguration;
			buildSettings = {
				ALWAYS_SEARCH_USER_PATHS = NO;
				CLANG_CXX_LANGUAGE_STANDARD = "gnu++0x";
				CLANG_CXX_LIBRARY = "libc++";
				CLANG_ENABLE_MODULES = YES;
				CLANG_ENABLE_OBJC_ARC = YES;
				CLANG_WARN_BOOL_CONVERSION = YES;
				CLANG_WARN_CONSTANT_CONVERSION = YES;
				CLANG_WARN_DIRECT_OBJC_ISA_USAGE = YES_ERROR;
				CLANG_WARN_EMPTY_BODY = YES;
				CLANG_WARN_ENUM_CONVERSION = YES;
				CLANG_WARN_INT_CONVERSION = YES;
				CLANG_WARN_OBJC_ROOT_CLASS = YES_ERROR;
				CLANG_WARN_UNREACHABLE_CODE = YES;
				CLANG_WARN__DUPLICATE_METHOD_MATCH = YES;
				"CODE_SIGN_IDENTITY[sdk=iphoneos*]" = "iPhone Developer";
				COPY_PHASE_STRIP = YES;
				ENABLE_NS_ASSERTIONS = NO;
				ENABLE_STRICT_OBJC_MSGSEND = YES;
				GCC_C_LANGUAGE_STANDARD = gnu99;
				GCC_WARN_64_TO_32_BIT_CONVERSION = YES;
				GCC_WARN_ABOUT_RETURN_TYPE = YES_ERROR;
				GCC_WARN_UNDECLARED_SELECTOR = YES;
				GCC_WARN_UNINITIALIZED_AUTOS = YES_AGGRESSIVE;
				GCC_WARN_UNUSED_FUNCTION = YES;
				GCC_WARN_UNUSED_VARIABLE = YES;
				IPHONEOS_DEPLOYMENT_TARGET = 8.1;
				MTL_ENABLE_DEBUG_INFO = NO;
				SDKROOT = iphoneos;
				TARGETED_DEVICE_FAMILY = "1,2";
				VALIDATE_PRODUCT = YES;
			};
			name = Release;
		};
		7A1EDEF01AA3F74100BA603A /* Debug */ = {
			isa = XCBuildConfiguration;
			buildSettings = {
				ASSETCATALOG_COMPILER_APPICON_NAME = AppIcon;
				INFOPLIST_FILE = MELBrowser/Info.plist;
				LD_RUNPATH_SEARCH_PATHS = "$(inherited) @executable_path/Frameworks";
				PRODUCT_NAME = "$(TARGET_NAME)";
			};
			name = Debug;
		};
		7A1EDEF11AA3F74100BA603A /* Release */ = {
			isa = XCBuildConfiguration;
			buildSettings = {
				ASSETCATALOG_COMPILER_APPICON_NAME = AppIcon;
				INFOPLIST_FILE = MELBrowser/Info.plist;
				LD_RUNPATH_SEARCH_PATHS = "$(inherited) @executable_path/Frameworks";
				PRODUCT_NAME = "$(TARGET_NAME)";
			};
			name = Release;
		};
		7A1EDEF31AA3F74100BA603A /* Debug */ = {
			isa = XCBuildConfiguration;
			buildSettings = {
				BUNDLE_LOADER = "$(TEST_HOST)";
				FRAMEWORK_SEARCH_PATHS = (
					"$(SDKROOT)/Developer/Library/Frameworks",
					"$(inherited)",
				);
				GCC_PREPROCESSOR_DEFINITIONS = (
					"DEBUG=1",
					"$(inherited)",
				);
				INFOPLIST_FILE = MELBrowserTests/Info.plist;
				LD_RUNPATH_SEARCH_PATHS = "$(inherited) @executable_path/Frameworks @loader_path/Frameworks";
				PRODUCT_NAME = "$(TARGET_NAME)";
				TEST_HOST = "$(BUILT_PRODUCTS_DIR)/MELBrowser.app/MELBrowser";
			};
			name = Debug;
		};
		7A1EDEF41AA3F74100BA603A /* Release */ = {
			isa = XCBuildConfiguration;
			buildSettings = {
				BUNDLE_LOADER = "$(TEST_HOST)";
				FRAMEWORK_SEARCH_PATHS = (
					"$(SDKROOT)/Developer/Library/Frameworks",
					"$(inherited)",
				);
				INFOPLIST_FILE = MELBrowserTests/Info.plist;
				LD_RUNPATH_SEARCH_PATHS = "$(inherited) @executable_path/Frameworks @loader_path/Frameworks";
				PRODUCT_NAME = "$(TARGET_NAME)";
				TEST_HOST = "$(BUILT_PRODUCTS_DIR)/MELBrowser.app/MELBrowser";
			};
			name = Release;
		};
/* End XCBuildConfiguration section */

/* Begin XCConfigurationList section */
		7A1EDEC71AA3F74100BA603A /* Build configuration list for PBXProject "MELBrowser" */ = {
			isa = XCConfigurationList;
			buildConfigurations = (
				7A1EDEED1AA3F74100BA603A /* Debug */,
				7A1EDEEE1AA3F74100BA603A /* Release */,
			);
			defaultConfigurationIsVisible = 0;
			defaultConfigurationName = Release;
		};
		7A1EDEEF1AA3F74100BA603A /* Build configuration list for PBXNativeTarget "MELBrowser" */ = {
			isa = XCConfigurationList;
			buildConfigurations = (
				7A1EDEF01AA3F74100BA603A /* Debug */,
				7A1EDEF11AA3F74100BA603A /* Release */,
			);
			defaultConfigurationIsVisible = 0;
			defaultConfigurationName = Release;
		};
		7A1EDEF21AA3F74100BA603A /* Build configuration list for PBXNativeTarget "MELBrowserTests" */ = {
			isa = XCConfigurationList;
			buildConfigurations = (
				7A1EDEF31AA3F74100BA603A /* Debug */,
				7A1EDEF41AA3F74100BA603A /* Release */,
			);
			defaultConfigurationIsVisible = 0;
			defaultConfigurationName = Release;
		};
/* End XCConfigurationList section */
	};
	rootObject = 7A1EDEC41AA3F74100BA603A /* Project object */;
}
